schema: '2.0'
stages:
  train:
    cmd: python training/src/main.py serving/app/data/ serving/app/requirements.txt
    deps:
    - path: training/
      md5: f612395fb99ab14d5e6a7a180d138c19.dir
      size: 4118
      nfiles: 2
    outs:
    - path: serving/app/data/metrics.json
      md5: 271a09734f2ffd4017bcb29c75e4e55c
      size: 150
    - path: serving/app/data/model.joblib.gz
      md5: 969e480e65751b47a41004daccead2fe
      size: 128490130
